
Microsoft Visual Studio Solution File, Format Version 12.00
# Visual Studio Version 16
VisualStudioVersion = 16.0.31321.278
MinimumVisualStudioVersion = 10.0.40219.1
Project("{8BC9CEB8-8B4A-11D0-8D11-00A0C91BC942}") = "YoutubeOpenGL", "YoutubeOpenGL.vcxproj", "{013356BE-957C-4EEF-A2A4-D389A902ECAA}"
EndProject
Global
	GlobalSection(SolutionConfigurationPlatforms) = preSolution
		Debug|x64 = Debug|x64
		Debug|x86 = Debug|x86
		Release|x64 = Release|x64
		Release|x86 = Release|x86
	EndGlobalSection
	GlobalSection(ProjectConfigurationPlatforms) = postSolution
		{013356BE-957C-4EEF-A2A4-D389A902ECAA}.Debug|x64.ActiveCfg = Debug|x64
		{013356BE-957C-4EEF-A2A4-D389A902ECAA}.Debug|x64.Build.0 = Debug|x64
		{013356BE-957C-4EEF-A2A4-D389A902ECAA}.Debug|x86.ActiveCfg = Debug|Win32
		{013356BE-957C-4EEF-A2A4-D389A902ECAA}.Debug|x86.Build.0 = Debug|Win32
		{013356BE-957C-4EEF-A2A4-D389A902ECAA}.Release|x64.ActiveCfg = Release|x64
		{013356BE-957C-4EEF-A2A4-D389A902ECAA}.Release|x64.Build.0 = Release|x64
		{013356BE-957C-4EEF-A2A4-D389A902ECAA}.Release|x86.ActiveCfg = Release|Win32
		{013356BE-957C-4EEF-A2A4-D389A902ECAA}.Release|x86.Build.0 = Release|Win32
	EndGlobalSection
	GlobalSection(SolutionProperties) = preSolution
		HideSolutionNode = FALSE
	EndGlobalSection
	GlobalSection(ExtensibilityGlobals) = postSolution
		SolutionGuid = {B2B73455-DFA5-403F-8733-DBB237D74A59}
	EndGlobalSection
EndGlobal
